
Microsoft Visual Studio Solution File, Format Version 12.00
# Visual Studio 2013
VisualStudioVersion = 12.0.31101.0
MinimumVisualStudioVersion = 10.0.40219.1
Project("{F2A71F9B-5D33-465A-A702-920D77279786}") = "FSharp", "F#\FSharp.fsproj", "{4A6BF7B0-1FF7-4D48-9199-22CD29D0F5A8}"
EndProject
Project("{F2A71F9B-5D33-465A-A702-920D77279786}") = "Test", "Test\Test.fsproj", "{81AB406B-C639-466C-A228-33EBDE95FE3C}"
EndProject
Global
	GlobalSection(SolutionConfigurationPlatforms) = preSolution
		Debug|Any CPU = Debug|Any CPU
		Release|Any CPU = Release|Any CPU
	EndGlobalSection
	GlobalSection(ProjectConfigurationPlatforms) = postSolution
		{4A6BF7B0-1FF7-4D48-9199-22CD29D0F5A8}.Debug|Any CPU.ActiveCfg = Debug|Any CPU
		{4A6BF7B0-1FF7-4D48-9199-22CD29D0F5A8}.Debug|Any CPU.Build.0 = Debug|Any CPU
		{4A6BF7B0-1FF7-4D48-9199-22CD29D0F5A8}.Release|Any CPU.ActiveCfg = Release|Any CPU
		{4A6BF7B0-1FF7-4D48-9199-22CD29D0F5A8}.Release|Any CPU.Build.0 = Release|Any CPU
		{81AB406B-C639-466C-A228-33EBDE95FE3C}.Debug|Any CPU.ActiveCfg = Debug|Any CPU
		{81AB406B-C639-466C-A228-33EBDE95FE3C}.Debug|Any CPU.Build.0 = Debug|Any CPU
		{81AB406B-C639-466C-A228-33EBDE95FE3C}.Release|Any CPU.ActiveCfg = Release|Any CPU
		{81AB406B-C639-466C-A228-33EBDE95FE3C}.Release|Any CPU.Build.0 = Release|Any CPU
	EndGlobalSection
	GlobalSection(SolutionProperties) = preSolution
		HideSolutionNode = FALSE
	EndGlobalSection
EndGlobal
